// !$*UTF8*$!
{
	archiveVersion = 1;
	classes = {
	};
	objectVersion = 46;
	objects = {

/* Begin PBXBuildFile section */
		74A7F0491D017D2200011762 /* FirstViewController.m in Sources */ = {isa = PBXBuildFile; fileRef = 74A7F0481D017D2100011762 /* FirstViewController.m */; };
		74ADC62C1DB8BB1A00E0494E /* NotificationCenter.framework in Frameworks */ = {isa = PBXBuildFile; fileRef = 74ADC62B1DB8BB1A00E0494E /* NotificationCenter.framework */; };
		74ADC6301DB8BB1A00E0494E /* TodayViewController.m in Sources */ = {isa = PBXBuildFile; fileRef = 74ADC62F1DB8BB1A00E0494E /* TodayViewController.m */; };
		74ADC6331DB8BB1A00E0494E /* MainInterface.storyboard in Resources */ = {isa = PBXBuildFile; fileRef = 74ADC6311DB8BB1A00E0494E /* MainInterface.storyboard */; };
		74ADC6371DB8BB1A00E0494E /* My3DTouchTodayExtension.appex in Embed App Extensions */ = {isa = PBXBuildFile; fileRef = 74ADC6291DB8BB1A00E0494E /* My3DTouchTodayExtension.appex */; settings = {ATTRIBUTES = (RemoveHeadersOnCopy, ); }; };
		74ADC63E1DB8BF9C00E0494E /* SecondViewController.m in Sources */ = {isa = PBXBuildFile; fileRef = 74ADC63D1DB8BF9C00E0494E /* SecondViewController.m */; };
		74B519331DC8382100F8751C /* MyNavigationController.m in Sources */ = {isa = PBXBuildFile; fileRef = 74B519311DC8382100F8751C /* MyNavigationController.m */; };
		74B519371DC839A200F8751C /* MyBaseViewController.m in Sources */ = {isa = PBXBuildFile; fileRef = 74B519361DC839A200F8751C /* MyBaseViewController.m */; };
		74B5193E1DC8480F00F8751C /* UserNotifications.framework in Frameworks */ = {isa = PBXBuildFile; fileRef = 74B5193D1DC8480F00F8751C /* UserNotifications.framework */; };
		74B519401DC8480F00F8751C /* UserNotificationsUI.framework in Frameworks */ = {isa = PBXBuildFile; fileRef = 74B5193F1DC8480F00F8751C /* UserNotificationsUI.framework */; };
		74B519441DC8480F00F8751C /* NotificationViewController.m in Sources */ = {isa = PBXBuildFile; fileRef = 74B519431DC8480F00F8751C /* NotificationViewController.m */; };
		74B519471DC8480F00F8751C /* MainInterface.storyboard in Resources */ = {isa = PBXBuildFile; fileRef = 74B519451DC8480F00F8751C /* MainInterface.storyboard */; };
		74B5194B1DC8480F00F8751C /* My3DTouchNotificationContentExtension.appex in Embed App Extensions */ = {isa = PBXBuildFile; fileRef = 74B5193C1DC8480F00F8751C /* My3DTouchNotificationContentExtension.appex */; settings = {ATTRIBUTES = (RemoveHeadersOnCopy, ); }; };
		74B519531DC87A3F00F8751C /* MyRemoteNotificationManager.m in Sources */ = {isa = PBXBuildFile; fileRef = 74B519521DC87A3F00F8751C /* MyRemoteNotificationManager.m */; };
		74B519561DC87E1F00F8751C /* MyForceTouchManager.m in Sources */ = {isa = PBXBuildFile; fileRef = 74B519551DC87E1F00F8751C /* MyForceTouchManager.m */; };
		74B519691DC8947B00F8751C /* aa.png in Resources */ = {isa = PBXBuildFile; fileRef = 74B519661DC8947B00F8751C /* aa.png */; };
		74B5196A1DC8947B00F8751C /* search.png in Resources */ = {isa = PBXBuildFile; fileRef = 74B519671DC8947B00F8751C /* search.png */; };
		74B5196B1DC8947B00F8751C /* test_1.mp4 in Resources */ = {isa = PBXBuildFile; fileRef = 74B519681DC8947B00F8751C /* test_1.mp4 */; };
		74B81CFA1DC98CC200158DF8 /* NotificationService.m in Sources */ = {isa = PBXBuildFile; fileRef = 74B81CF91DC98CC200158DF8 /* NotificationService.m */; };
		74B81CFE1DC98CC200158DF8 /* My3DTouchNotificationServiceExtension.appex in Embed App Extensions */ = {isa = PBXBuildFile; fileRef = 74B81CF61DC98CC200158DF8 /* My3DTouchNotificationServiceExtension.appex */; settings = {ATTRIBUTES = (RemoveHeadersOnCopy, ); }; };
		74B81D031DC99B9E00158DF8 /* 9.png in Resources */ = {isa = PBXBuildFile; fileRef = 74B81D021DC99B9E00158DF8 /* 9.png */; };
		A1D7F6131BD8B31A00D29063 /* main.m in Sources */ = {isa = PBXBuildFile; fileRef = A1D7F6121BD8B31A00D29063 /* main.m */; };
		A1D7F6161BD8B31A00D29063 /* AppDelegate.m in Sources */ = {isa = PBXBuildFile; fileRef = A1D7F6151BD8B31A00D29063 /* AppDelegate.m */; };
		A1D7F6191BD8B31A00D29063 /* NavRootViewController.m in Sources */ = {isa = PBXBuildFile; fileRef = A1D7F6181BD8B31A00D29063 /* NavRootViewController.m */; };
		A1D7F61C1BD8B31A00D29063 /* Main.storyboard in Resources */ = {isa = PBXBuildFile; fileRef = A1D7F61A1BD8B31A00D29063 /* Main.storyboard */; };
		A1D7F61E1BD8B31A00D29063 /* Assets.xcassets in Resources */ = {isa = PBXBuildFile; fileRef = A1D7F61D1BD8B31A00D29063 /* Assets.xcassets */; };
		A1D7F6211BD8B31A00D29063 /* LaunchScreen.storyboard in Resources */ = {isa = PBXBuildFile; fileRef = A1D7F61F1BD8B31A00D29063 /* LaunchScreen.storyboard */; };
		F78568AA1C0464C50090FA9C /* DetailViewController.m in Sources */ = {isa = PBXBuildFile; fileRef = F78568A91C0464C50090FA9C /* DetailViewController.m */; };
/* End PBXBuildFile section */

/* Begin PBXContainerItemProxy section */
		74ADC6351DB8BB1A00E0494E /* PBXContainerItemProxy */ = {
			isa = PBXContainerItemProxy;
			containerPortal = A1D7F6061BD8B31A00D29063 /* Project object */;
			proxyType = 1;
			remoteGlobalIDString = 74ADC6281DB8BB1A00E0494E;
			remoteInfo = My3DTouchDemoExtension;
		};
		74B519491DC8480F00F8751C /* PBXContainerItemProxy */ = {
			isa = PBXContainerItemProxy;
			containerPortal = A1D7F6061BD8B31A00D29063 /* Project object */;
			proxyType = 1;
			remoteGlobalIDString = 74B5193B1DC8480F00F8751C;
			remoteInfo = My3DTouchDemoNotificationExtension;
		};
		74B81CFC1DC98CC200158DF8 /* PBXContainerItemProxy */ = {
			isa = PBXContainerItemProxy;
			containerPortal = A1D7F6061BD8B31A00D29063 /* Project object */;
			proxyType = 1;
			remoteGlobalIDString = 74B81CF51DC98CC200158DF8;
			remoteInfo = My3DTouchNotificationServiceExtension;
		};
/* End PBXContainerItemProxy section */

/* Begin PBXCopyFilesBuildPhase section */
		74ADC63B1DB8BB1A00E0494E /* Embed App Extensions */ = {
			isa = PBXCopyFilesBuildPhase;
			buildActionMask = 2147483647;
			dstPath = "";
			dstSubfolderSpec = 13;
			files = (
				74B81CFE1DC98CC200158DF8 /* My3DTouchNotificationServiceExtension.appex in Embed App Extensions */,
				74ADC6371DB8BB1A00E0494E /* My3DTouchTodayExtension.appex in Embed App Extensions */,
				74B5194B1DC8480F00F8751C /* My3DTouchNotificationContentExtension.appex in Embed App Extensions */,
			);
			name = "Embed App Extensions";
			runOnlyForDeploymentPostprocessing = 0;
		};
/* End PBXCopyFilesBuildPhase section */

/* Begin PBXFileReference section */
		74A7F0471D017D2100011762 /* FirstViewController.h */ = {isa = PBXFileReference; fileEncoding = 4; lastKnownFileType = sourcecode.c.h; path = FirstViewController.h; sourceTree = "<group>"; };
		74A7F0481D017D2100011762 /* FirstViewController.m */ = {isa = PBXFileReference; fileEncoding = 4; lastKnownFileType = sourcecode.c.objc; path = FirstViewController.m; sourceTree = "<group>"; };
		74ADC6291DB8BB1A00E0494E /* My3DTouchTodayExtension.appex */ = {isa = PBXFileReference; explicitFileType = "wrapper.app-extension"; includeInIndex = 0; path = My3DTouchTodayExtension.appex; sourceTree = BUILT_PRODUCTS_DIR; };
		74ADC62B1DB8BB1A00E0494E /* NotificationCenter.framework */ = {isa = PBXFileReference; lastKnownFileType = wrapper.framework; name = NotificationCenter.framework; path = System/Library/Frameworks/NotificationCenter.framework; sourceTree = SDKROOT; };
		74ADC62E1DB8BB1A00E0494E /* TodayViewController.h */ = {isa = PBXFileReference; lastKnownFileType = sourcecode.c.h; path = TodayViewController.h; sourceTree = "<group>"; };
		74ADC62F1DB8BB1A00E0494E /* TodayViewController.m */ = {isa = PBXFileReference; lastKnownFileType = sourcecode.c.objc; path = TodayViewController.m; sourceTree = "<group>"; };
		74ADC6321DB8BB1A00E0494E /* Base */ = {isa = PBXFileReference; lastKnownFileType = file.storyboard; name = Base; path = Base.lproj/MainInterface.storyboard; sourceTree = "<group>"; };
		74ADC6341DB8BB1A00E0494E /* Info.plist */ = {isa = PBXFileReference; lastKnownFileType = text.plist.xml; path = Info.plist; sourceTree = "<group>"; };
		74ADC63C1DB8BF9C00E0494E /* SecondViewController.h */ = {isa = PBXFileReference; fileEncoding = 4; lastKnownFileType = sourcecode.c.h; path = SecondViewController.h; sourceTree = "<group>"; };
		74ADC63D1DB8BF9C00E0494E /* SecondViewController.m */ = {isa = PBXFileReference; fileEncoding = 4; lastKnownFileType = sourcecode.c.objc; path = SecondViewController.m; sourceTree = "<group>"; };
		74B519301DC8382100F8751C /* MyNavigationController.h */ = {isa = PBXFileReference; fileEncoding = 4; lastKnownFileType = sourcecode.c.h; path = MyNavigationController.h; sourceTree = "<group>"; };
		74B519311DC8382100F8751C /* MyNavigationController.m */ = {isa = PBXFileReference; fileEncoding = 4; lastKnownFileType = sourcecode.c.objc; path = MyNavigationController.m; sourceTree = "<group>"; };
		74B519351DC839A100F8751C /* MyBaseViewController.h */ = {isa = PBXFileReference; fileEncoding = 4; lastKnownFileType = sourcecode.c.h; path = MyBaseViewController.h; sourceTree = "<group>"; };
		74B519361DC839A200F8751C /* MyBaseViewController.m */ = {isa = PBXFileReference; fileEncoding = 4; lastKnownFileType = sourcecode.c.objc; path = MyBaseViewController.m; sourceTree = "<group>"; };
		74B5193C1DC8480F00F8751C /* My3DTouchNotificationContentExtension.appex */ = {isa = PBXFileReference; explicitFileType = "wrapper.app-extension"; includeInIndex = 0; path = My3DTouchNotificationContentExtension.appex; sourceTree = BUILT_PRODUCTS_DIR; };
		74B5193D1DC8480F00F8751C /* UserNotifications.framework */ = {isa = PBXFileReference; lastKnownFileType = wrapper.framework; name = UserNotifications.framework; path = System/Library/Frameworks/UserNotifications.framework; sourceTree = SDKROOT; };
		74B5193F1DC8480F00F8751C /* UserNotificationsUI.framework */ = {isa = PBXFileReference; lastKnownFileType = wrapper.framework; name = UserNotificationsUI.framework; path = System/Library/Frameworks/UserNotificationsUI.framework; sourceTree = SDKROOT; };
		74B519421DC8480F00F8751C /* NotificationViewController.h */ = {isa = PBXFileReference; lastKnownFileType = sourcecode.c.h; path = NotificationViewController.h; sourceTree = "<group>"; };
		74B519431DC8480F00F8751C /* NotificationViewController.m */ = {isa = PBXFileReference; lastKnownFileType = sourcecode.c.objc; path = NotificationViewController.m; sourceTree = "<group>"; };
		74B519461DC8480F00F8751C /* Base */ = {isa = PBXFileReference; lastKnownFileType = file.storyboard; name = Base; path = Base.lproj/MainInterface.storyboard; sourceTree = "<group>"; };
		74B519481DC8480F00F8751C /* Info.plist */ = {isa = PBXFileReference; lastKnownFileType = text.plist.xml; path = Info.plist; sourceTree = "<group>"; };
		74B519501DC869DD00F8751C /* My3DTouchDemo.entitlements */ = {isa = PBXFileReference; lastKnownFileType = text.plist.entitlements; path = My3DTouchDemo.entitlements; sourceTree = "<group>"; };
		74B519511DC87A3F00F8751C /* MyRemoteNotificationManager.h */ = {isa = PBXFileReference; fileEncoding = 4; lastKnownFileType = sourcecode.c.h; path = MyRemoteNotificationManager.h; sourceTree = "<group>"; };
		74B519521DC87A3F00F8751C /* MyRemoteNotificationManager.m */ = {isa = PBXFileReference; fileEncoding = 4; lastKnownFileType = sourcecode.c.objc; path = MyRemoteNotificationManager.m; sourceTree = "<group>"; };
		74B519541DC87E1F00F8751C /* MyForceTouchManager.h */ = {isa = PBXFileReference; fileEncoding = 4; lastKnownFileType = sourcecode.c.h; path = MyForceTouchManager.h; sourceTree = "<group>"; };
		74B519551DC87E1F00F8751C /* MyForceTouchManager.m */ = {isa = PBXFileReference; fileEncoding = 4; lastKnownFileType = sourcecode.c.objc; path = MyForceTouchManager.m; sourceTree = "<group>"; };
		74B519661DC8947B00F8751C /* aa.png */ = {isa = PBXFileReference; lastKnownFileType = image.png; path = aa.png; sourceTree = "<group>"; };
		74B519671DC8947B00F8751C /* search.png */ = {isa = PBXFileReference; lastKnownFileType = image.png; path = search.png; sourceTree = "<group>"; };
		74B519681DC8947B00F8751C /* test_1.mp4 */ = {isa = PBXFileReference; lastKnownFileType = file; path = test_1.mp4; sourceTree = "<group>"; };
		74B5196D1DC8A19200F8751C /* en */ = {isa = PBXFileReference; lastKnownFileType = text.plist.strings; name = en; path = en.lproj/Main.strings; sourceTree = "<group>"; };
		74B81CF61DC98CC200158DF8 /* My3DTouchNotificationServiceExtension.appex */ = {isa = PBXFileReference; explicitFileType = "wrapper.app-extension"; includeInIndex = 0; path = My3DTouchNotificationServiceExtension.appex; sourceTree = BUILT_PRODUCTS_DIR; };
		74B81CF81DC98CC200158DF8 /* NotificationService.h */ = {isa = PBXFileReference; lastKnownFileType = sourcecode.c.h; path = NotificationService.h; sourceTree = "<group>"; };
		74B81CF91DC98CC200158DF8 /* NotificationService.m */ = {isa = PBXFileReference; lastKnownFileType = sourcecode.c.objc; path = NotificationService.m; sourceTree = "<group>"; };
		74B81CFB1DC98CC200158DF8 /* Info.plist */ = {isa = PBXFileReference; lastKnownFileType = text.plist.xml; path = Info.plist; sourceTree = "<group>"; };
		74B81D021DC99B9E00158DF8 /* 9.png */ = {isa = PBXFileReference; lastKnownFileType = image.png; path = 9.png; sourceTree = "<group>"; };
		A1D7F60E1BD8B31A00D29063 /* My3DTouchDemo.app */ = {isa = PBXFileReference; explicitFileType = wrapper.application; includeInIndex = 0; path = My3DTouchDemo.app; sourceTree = BUILT_PRODUCTS_DIR; };
		A1D7F6121BD8B31A00D29063 /* main.m */ = {isa = PBXFileReference; lastKnownFileType = sourcecode.c.objc; path = main.m; sourceTree = "<group>"; };
		A1D7F6141BD8B31A00D29063 /* AppDelegate.h */ = {isa = PBXFileReference; lastKnownFileType = sourcecode.c.h; path = AppDelegate.h; sourceTree = "<group>"; };
		A1D7F6151BD8B31A00D29063 /* AppDelegate.m */ = {isa = PBXFileReference; lastKnownFileType = sourcecode.c.objc; path = AppDelegate.m; sourceTree = "<group>"; };
		A1D7F6171BD8B31A00D29063 /* NavRootViewController.h */ = {isa = PBXFileReference; lastKnownFileType = sourcecode.c.h; path = NavRootViewController.h; sourceTree = "<group>"; };
		A1D7F6181BD8B31A00D29063 /* NavRootViewController.m */ = {isa = PBXFileReference; lastKnownFileType = sourcecode.c.objc; path = NavRootViewController.m; sourceTree = "<group>"; };
		A1D7F61B1BD8B31A00D29063 /* Base */ = {isa = PBXFileReference; lastKnownFileType = file.storyboard; name = Base; path = Base.lproj/Main.storyboard; sourceTree = "<group>"; };
		A1D7F61D1BD8B31A00D29063 /* Assets.xcassets */ = {isa = PBXFileReference; lastKnownFileType = folder.assetcatalog; path = Assets.xcassets; sourceTree = "<group>"; };
		A1D7F6201BD8B31A00D29063 /* Base */ = {isa = PBXFileReference; lastKnownFileType = file.storyboard; name = Base; path = Base.lproj/LaunchScreen.storyboard; sourceTree = "<group>"; };
		A1D7F6221BD8B31A00D29063 /* Info.plist */ = {isa = PBXFileReference; lastKnownFileType = text.plist.xml; path = Info.plist; sourceTree = "<group>"; };
		F78568A81C0464C50090FA9C /* DetailViewController.h */ = {isa = PBXFileReference; fileEncoding = 4; lastKnownFileType = sourcecode.c.h; path = DetailViewController.h; sourceTree = "<group>"; };
		F78568A91C0464C50090FA9C /* DetailViewController.m */ = {isa = PBXFileReference; fileEncoding = 4; lastKnownFileType = sourcecode.c.objc; path = DetailViewController.m; sourceTree = "<group>"; };
/* End PBXFileReference section */

/* Begin PBXFrameworksBuildPhase section */
		74ADC6261DB8BB1A00E0494E /* Frameworks */ = {
			isa = PBXFrameworksBuildPhase;
			buildActionMask = 2147483647;
			files = (
				74ADC62C1DB8BB1A00E0494E /* NotificationCenter.framework in Frameworks */,
			);
			runOnlyForDeploymentPostprocessing = 0;
		};
		74B519391DC8480F00F8751C /* Frameworks */ = {
			isa = PBXFrameworksBuildPhase;
			buildActionMask = 2147483647;
			files = (
				74B519401DC8480F00F8751C /* UserNotificationsUI.framework in Frameworks */,
				74B5193E1DC8480F00F8751C /* UserNotifications.framework in Frameworks */,
			);
			runOnlyForDeploymentPostprocessing = 0;
		};
		74B81CF31DC98CC200158DF8 /* Frameworks */ = {
			isa = PBXFrameworksBuildPhase;
			buildActionMask = 2147483647;
			files = (
			);
			runOnlyForDeploymentPostprocessing = 0;
		};
		A1D7F60B1BD8B31A00D29063 /* Frameworks */ = {
			isa = PBXFrameworksBuildPhase;
			buildActionMask = 2147483647;
			files = (
			);
			runOnlyForDeploymentPostprocessing = 0;
		};
/* End PBXFrameworksBuildPhase section */

/* Begin PBXGroup section */
		74ADC62A1DB8BB1A00E0494E /* Frameworks */ = {
			isa = PBXGroup;
			children = (
				74ADC62B1DB8BB1A00E0494E /* NotificationCenter.framework */,
				74B5193D1DC8480F00F8751C /* UserNotifications.framework */,
				74B5193F1DC8480F00F8751C /* UserNotificationsUI.framework */,
			);
			name = Frameworks;
			sourceTree = "<group>";
		};
		74ADC62D1DB8BB1A00E0494E /* My3DTouchTodayExtension */ = {
			isa = PBXGroup;
			children = (
				74ADC62E1DB8BB1A00E0494E /* TodayViewController.h */,
				74ADC62F1DB8BB1A00E0494E /* TodayViewController.m */,
				74ADC6311DB8BB1A00E0494E /* MainInterface.storyboard */,
				74ADC6341DB8BB1A00E0494E /* Info.plist */,
			);
			name = My3DTouchTodayExtension;
			path = My3DTouchDemoExtension;
			sourceTree = "<group>";
		};
		74B519411DC8480F00F8751C /* My3DTouchNotificationContentExtension */ = {
			isa = PBXGroup;
			children = (
				74B519421DC8480F00F8751C /* NotificationViewController.h */,
				74B519431DC8480F00F8751C /* NotificationViewController.m */,
				74B519451DC8480F00F8751C /* MainInterface.storyboard */,
				74B519481DC8480F00F8751C /* Info.plist */,
			);
			name = My3DTouchNotificationContentExtension;
			path = My3DTouchDemoNotificationExtension;
			sourceTree = "<group>";
		};
		74B519571DC8835A00F8751C /* Managers */ = {
			isa = PBXGroup;
			children = (
				74B519541DC87E1F00F8751C /* MyForceTouchManager.h */,
				74B519551DC87E1F00F8751C /* MyForceTouchManager.m */,
				74B519511DC87A3F00F8751C /* MyRemoteNotificationManager.h */,
				74B519521DC87A3F00F8751C /* MyRemoteNotificationManager.m */,
			);
			name = Managers;
			sourceTree = "<group>";
		};
		74B519581DC8836900F8751C /* ViewControllers */ = {
			isa = PBXGroup;
			children = (
				74B519301DC8382100F8751C /* MyNavigationController.h */,
				74B519311DC8382100F8751C /* MyNavigationController.m */,
				74B519351DC839A100F8751C /* MyBaseViewController.h */,
				74B519361DC839A200F8751C /* MyBaseViewController.m */,
				A1D7F6171BD8B31A00D29063 /* NavRootViewController.h */,
				A1D7F6181BD8B31A00D29063 /* NavRootViewController.m */,
				74A7F0471D017D2100011762 /* FirstViewController.h */,
				74A7F0481D017D2100011762 /* FirstViewController.m */,
				74ADC63C1DB8BF9C00E0494E /* SecondViewController.h */,
				74ADC63D1DB8BF9C00E0494E /* SecondViewController.m */,
				F78568A81C0464C50090FA9C /* DetailViewController.h */,
				F78568A91C0464C50090FA9C /* DetailViewController.m */,
			);
			name = ViewControllers;
			sourceTree = "<group>";
		};
		74B519651DC8947B00F8751C /* Resources */ = {
			isa = PBXGroup;
			children = (
				74B519661DC8947B00F8751C /* aa.png */,
				74B519671DC8947B00F8751C /* search.png */,
				74B519681DC8947B00F8751C /* test_1.mp4 */,
			);
			path = Resources;
			sourceTree = "<group>";
		};
		74B81CF71DC98CC200158DF8 /* My3DTouchNotificationServiceExtension */ = {
			isa = PBXGroup;
			children = (
				74B81D021DC99B9E00158DF8 /* 9.png */,
				74B81CF81DC98CC200158DF8 /* NotificationService.h */,
				74B81CF91DC98CC200158DF8 /* NotificationService.m */,
				74B81CFB1DC98CC200158DF8 /* Info.plist */,
			);
			path = My3DTouchNotificationServiceExtension;
			sourceTree = "<group>";
		};
		A1D7F6051BD8B31A00D29063 = {
			isa = PBXGroup;
			children = (
				74B519501DC869DD00F8751C /* My3DTouchDemo.entitlements */,
				A1D7F6101BD8B31A00D29063 /* ApplicationShortCutDemo */,
				74ADC62D1DB8BB1A00E0494E /* My3DTouchTodayExtension */,
				74B519411DC8480F00F8751C /* My3DTouchNotificationContentExtension */,
				74B81CF71DC98CC200158DF8 /* My3DTouchNotificationServiceExtension */,
				74ADC62A1DB8BB1A00E0494E /* Frameworks */,
				A1D7F60F1BD8B31A00D29063 /* Products */,
			);
			sourceTree = "<group>";
		};
		A1D7F60F1BD8B31A00D29063 /* Products */ = {
			isa = PBXGroup;
			children = (
				A1D7F60E1BD8B31A00D29063 /* My3DTouchDemo.app */,
				74ADC6291DB8BB1A00E0494E /* My3DTouchTodayExtension.appex */,
				74B5193C1DC8480F00F8751C /* My3DTouchNotificationContentExtension.appex */,
				74B81CF61DC98CC200158DF8 /* My3DTouchNotificationServiceExtension.appex */,
			);
			name = Products;
			sourceTree = "<group>";
		};
		A1D7F6101BD8B31A00D29063 /* ApplicationShortCutDemo */ = {
			isa = PBXGroup;
			children = (
				74B519651DC8947B00F8751C /* Resources */,
				A1D7F6141BD8B31A00D29063 /* AppDelegate.h */,
				A1D7F6151BD8B31A00D29063 /* AppDelegate.m */,
				74B519571DC8835A00F8751C /* Managers */,
				74B519581DC8836900F8751C /* ViewControllers */,
				A1D7F61D1BD8B31A00D29063 /* Assets.xcassets */,
				A1D7F61A1BD8B31A00D29063 /* Main.storyboard */,
				A1D7F61F1BD8B31A00D29063 /* LaunchScreen.storyboard */,
				A1D7F6221BD8B31A00D29063 /* Info.plist */,
				A1D7F6111BD8B31A00D29063 /* Supporting Files */,
			);
			path = ApplicationShortCutDemo;
			sourceTree = "<group>";
		};
		A1D7F6111BD8B31A00D29063 /* Supporting Files */ = {
			isa = PBXGroup;
			children = (
				A1D7F6121BD8B31A00D29063 /* main.m */,
			);
			name = "Supporting Files";
			sourceTree = "<group>";
		};
/* End PBXGroup section */

/* Begin PBXNativeTarget section */
		74ADC6281DB8BB1A00E0494E /* My3DTouchTodayExtension */ = {
			isa = PBXNativeTarget;
			buildConfigurationList = 74ADC6381DB8BB1A00E0494E /* Build configuration list for PBXNativeTarget "My3DTouchTodayExtension" */;
			buildPhases = (
				74ADC6251DB8BB1A00E0494E /* Sources */,
				74ADC6261DB8BB1A00E0494E /* Frameworks */,
				74ADC6271DB8BB1A00E0494E /* Resources */,
			);
			buildRules = (
			);
			dependencies = (
			);
			name = My3DTouchTodayExtension;
			productName = My3DTouchDemoExtension;
			productReference = 74ADC6291DB8BB1A00E0494E /* My3DTouchTodayExtension.appex */;
			productType = "com.apple.product-type.app-extension";
		};
		74B5193B1DC8480F00F8751C /* My3DTouchNotificationContentExtension */ = {
			isa = PBXNativeTarget;
			buildConfigurationList = 74B5194C1DC8480F00F8751C /* Build configuration list for PBXNativeTarget "My3DTouchNotificationContentExtension" */;
			buildPhases = (
				74B519381DC8480F00F8751C /* Sources */,
				74B519391DC8480F00F8751C /* Frameworks */,
				74B5193A1DC8480F00F8751C /* Resources */,
			);
			buildRules = (
			);
			dependencies = (
			);
			name = My3DTouchNotificationContentExtension;
			productName = My3DTouchDemoNotificationExtension;
			productReference = 74B5193C1DC8480F00F8751C /* My3DTouchNotificationContentExtension.appex */;
			productType = "com.apple.product-type.app-extension";
		};
		74B81CF51DC98CC200158DF8 /* My3DTouchNotificationServiceExtension */ = {
			isa = PBXNativeTarget;
			buildConfigurationList = 74B81D011DC98CC200158DF8 /* Build configuration list for PBXNativeTarget "My3DTouchNotificationServiceExtension" */;
			buildPhases = (
				74B81CF21DC98CC200158DF8 /* Sources */,
				74B81CF31DC98CC200158DF8 /* Frameworks */,
				74B81CF41DC98CC200158DF8 /* Resources */,
			);
			buildRules = (
			);
			dependencies = (
			);
			name = My3DTouchNotificationServiceExtension;
			productName = My3DTouchNotificationServiceExtension;
			productReference = 74B81CF61DC98CC200158DF8 /* My3DTouchNotificationServiceExtension.appex */;
			productType = "com.apple.product-type.app-extension";
		};
		A1D7F60D1BD8B31A00D29063 /* My3DTouchDemo */ = {
			isa = PBXNativeTarget;
			buildConfigurationList = A1D7F63B1BD8B31A00D29063 /* Build configuration list for PBXNativeTarget "My3DTouchDemo" */;
			buildPhases = (
				A1D7F60A1BD8B31A00D29063 /* Sources */,
				A1D7F60B1BD8B31A00D29063 /* Frameworks */,
				A1D7F60C1BD8B31A00D29063 /* Resources */,
				74ADC63B1DB8BB1A00E0494E /* Embed App Extensions */,
			);
			buildRules = (
			);
			dependencies = (
				74ADC6361DB8BB1A00E0494E /* PBXTargetDependency */,
				74B5194A1DC8480F00F8751C /* PBXTargetDependency */,
				74B81CFD1DC98CC200158DF8 /* PBXTargetDependency */,
			);
			name = My3DTouchDemo;
			productName = ApplicationShortCutDemo;
			productReference = A1D7F60E1BD8B31A00D29063 /* My3DTouchDemo.app */;
			productType = "com.apple.product-type.application";
		};
/* End PBXNativeTarget section */

/* Begin PBXProject section */
		A1D7F6061BD8B31A00D29063 /* Project object */ = {
			isa = PBXProject;
			attributes = {
				LastUpgradeCheck = 0700;
				ORGANIZATIONNAME = Andy;
				TargetAttributes = {
					74ADC6281DB8BB1A00E0494E = {
						CreatedOnToolsVersion = 8.0;
						DevelopmentTeam = 5Z5MKT3DP2;
						ProvisioningStyle = Automatic;
					};
					74B5193B1DC8480F00F8751C = {
						CreatedOnToolsVersion = 8.1;
						DevelopmentTeam = 5Z5MKT3DP2;
						ProvisioningStyle = Automatic;
					};
					74B81CF51DC98CC200158DF8 = {
						CreatedOnToolsVersion = 8.1;
						DevelopmentTeam = 5Z5MKT3DP2;
						ProvisioningStyle = Automatic;
					};
					A1D7F60D1BD8B31A00D29063 = {
						CreatedOnToolsVersion = 7.0.1;
						DevelopmentTeam = 5Z5MKT3DP2;
						SystemCapabilities = {
							com.apple.Push = {
								enabled = 1;
							};
						};
					};
				};
			};
			buildConfigurationList = A1D7F6091BD8B31A00D29063 /* Build configuration list for PBXProject "My3DTouchDemo" */;
			compatibilityVersion = "Xcode 3.2";
			developmentRegion = English;
			hasScannedForEncodings = 0;
			knownRegions = (
				en,
				Base,
			);
			mainGroup = A1D7F6051BD8B31A00D29063;
			productRefGroup = A1D7F60F1BD8B31A00D29063 /* Products */;
			projectDirPath = "";
			projectRoot = "";
			targets = (
				A1D7F60D1BD8B31A00D29063 /* My3DTouchDemo */,
				74ADC6281DB8BB1A00E0494E /* My3DTouchTodayExtension */,
				74B5193B1DC8480F00F8751C /* My3DTouchNotificationContentExtension */,
				74B81CF51DC98CC200158DF8 /* My3DTouchNotificationServiceExtension */,
			);
		};
/* End PBXProject section */

/* Begin PBXResourcesBuildPhase section */
		74ADC6271DB8BB1A00E0494E /* Resources */ = {
			isa = PBXResourcesBuildPhase;
			buildActionMask = 2147483647;
			files = (
				74ADC6331DB8BB1A00E0494E /* MainInterface.storyboard in Resources */,
			);
			runOnlyForDeploymentPostprocessing = 0;
		};
		74B5193A1DC8480F00F8751C /* Resources */ = {
			isa = PBXResourcesBuildPhase;
			buildActionMask = 2147483647;
			files = (
				74B519471DC8480F00F8751C /* MainInterface.storyboard in Resources */,
			);
			runOnlyForDeploymentPostprocessing = 0;
		};
		74B81CF41DC98CC200158DF8 /* Resources */ = {
			isa = PBXResourcesBuildPhase;
			buildActionMask = 2147483647;
			files = (
				74B81D031DC99B9E00158DF8 /* 9.png in Resources */,
			);
			runOnlyForDeploymentPostprocessing = 0;
		};
		A1D7F60C1BD8B31A00D29063 /* Resources */ = {
			isa = PBXResourcesBuildPhase;
			buildActionMask = 2147483647;
			files = (
				74B5196A1DC8947B00F8751C /* search.png in Resources */,
				A1D7F6211BD8B31A00D29063 /* LaunchScreen.storyboard in Resources */,
				A1D7F61E1BD8B31A00D29063 /* Assets.xcassets in Resources */,
				A1D7F61C1BD8B31A00D29063 /* Main.storyboard in Resources */,
				74B519691DC8947B00F8751C /* aa.png in Resources */,
				74B5196B1DC8947B00F8751C /* test_1.mp4 in Resources */,
			);
			runOnlyForDeploymentPostprocessing = 0;
		};
/* End PBXResourcesBuildPhase section */

/* Begin PBXSourcesBuildPhase section */
		74ADC6251DB8BB1A00E0494E /* Sources */ = {
			isa = PBXSourcesBuildPhase;
			buildActionMask = 2147483647;
			files = (
				74ADC6301DB8BB1A00E0494E /* TodayViewController.m in Sources */,
			);
			runOnlyForDeploymentPostprocessing = 0;
		};
		74B519381DC8480F00F8751C /* Sources */ = {
			isa = PBXSourcesBuildPhase;
			buildActionMask = 2147483647;
			files = (
				74B519441DC8480F00F8751C /* NotificationViewController.m in Sources */,
			);
			runOnlyForDeploymentPostprocessing = 0;
		};
		74B81CF21DC98CC200158DF8 /* Sources */ = {
			isa = PBXSourcesBuildPhase;
			buildActionMask = 2147483647;
			files = (
				74B81CFA1DC98CC200158DF8 /* NotificationService.m in Sources */,
			);
			runOnlyForDeploymentPostprocessing = 0;
		};
		A1D7F60A1BD8B31A00D29063 /* Sources */ = {
			isa = PBXSourcesBuildPhase;
			buildActionMask = 2147483647;
			files = (
				74ADC63E1DB8BF9C00E0494E /* SecondViewController.m in Sources */,
				74B519371DC839A200F8751C /* MyBaseViewController.m in Sources */,
				74B519331DC8382100F8751C /* MyNavigationController.m in Sources */,
				A1D7F6191BD8B31A00D29063 /* NavRootViewController.m in Sources */,
				74B519531DC87A3F00F8751C /* MyRemoteNotificationManager.m in Sources */,
				A1D7F6161BD8B31A00D29063 /* AppDelegate.m in Sources */,
				74A7F0491D017D2200011762 /* FirstViewController.m in Sources */,
				A1D7F6131BD8B31A00D29063 /* main.m in Sources */,
				F78568AA1C0464C50090FA9C /* DetailViewController.m in Sources */,
				74B519561DC87E1F00F8751C /* MyForceTouchManager.m in Sources */,
			);
			runOnlyForDeploymentPostprocessing = 0;
		};
/* End PBXSourcesBuildPhase section */

/* Begin PBXTargetDependency section */
		74ADC6361DB8BB1A00E0494E /* PBXTargetDependency */ = {
			isa = PBXTargetDependency;
			target = 74ADC6281DB8BB1A00E0494E /* My3DTouchTodayExtension */;
			targetProxy = 74ADC6351DB8BB1A00E0494E /* PBXContainerItemProxy */;
		};
		74B5194A1DC8480F00F8751C /* PBXTargetDependency */ = {
			isa = PBXTargetDependency;
			target = 74B5193B1DC8480F00F8751C /* My3DTouchNotificationContentExtension */;
			targetProxy = 74B519491DC8480F00F8751C /* PBXContainerItemProxy */;
		};
		74B81CFD1DC98CC200158DF8 /* PBXTargetDependency */ = {
			isa = PBXTargetDependency;
			target = 74B81CF51DC98CC200158DF8 /* My3DTouchNotificationServiceExtension */;
			targetProxy = 74B81CFC1DC98CC200158DF8 /* PBXContainerItemProxy */;
		};
/* End PBXTargetDependency section */

/* Begin PBXVariantGroup section */
		74ADC6311DB8BB1A00E0494E /* MainInterface.storyboard */ = {
			isa = PBXVariantGroup;
			children = (
				74ADC6321DB8BB1A00E0494E /* Base */,
			);
			name = MainInterface.storyboard;
			sourceTree = "<group>";
		};
		74B519451DC8480F00F8751C /* MainInterface.storyboard */ = {
			isa = PBXVariantGroup;
			children = (
				74B519461DC8480F00F8751C /* Base */,
			);
			name = MainInterface.storyboard;
			sourceTree = "<group>";
		};
		A1D7F61A1BD8B31A00D29063 /* Main.storyboard */ = {
			isa = PBXVariantGroup;
			children = (
				A1D7F61B1BD8B31A00D29063 /* Base */,
				74B5196D1DC8A19200F8751C /* en */,
			);
			name = Main.storyboard;
			sourceTree = "<group>";
		};
		A1D7F61F1BD8B31A00D29063 /* LaunchScreen.storyboard */ = {
			isa = PBXVariantGroup;
			children = (
				A1D7F6201BD8B31A00D29063 /* Base */,
			);
			name = LaunchScreen.storyboard;
			sourceTree = "<group>";
		};
/* End PBXVariantGroup section */

/* Begin XCBuildConfiguration section */
		74ADC6391DB8BB1A00E0494E /* Debug */ = {
			isa = XCBuildConfiguration;
			buildSettings = {
				CLANG_ANALYZER_NONNULL = YES;
				CLANG_WARN_DOCUMENTATION_COMMENTS = YES;
				CLANG_WARN_INFINITE_RECURSION = YES;
				CLANG_WARN_SUSPICIOUS_MOVES = YES;
				CODE_SIGN_IDENTITY = "iPhone Developer";
				"CODE_SIGN_IDENTITY[sdk=iphoneos*]" = "iPhone Developer";
				DEVELOPMENT_TEAM = 5Z5MKT3DP2;
				INFOPLIST_FILE = My3DTouchDemoExtension/Info.plist;
				IPHONEOS_DEPLOYMENT_TARGET = 10.0;
				LD_RUNPATH_SEARCH_PATHS = "$(inherited) @executable_path/Frameworks @executable_path/../../Frameworks";
				PRODUCT_BUNDLE_IDENTIFIER = com.lljz.ninesky.My3DTouchDemoExtension;
				PRODUCT_NAME = "$(TARGET_NAME)";
				SKIP_INSTALL = YES;
			};
			name = Debug;
		};
		74ADC63A1DB8BB1A00E0494E /* Release */ = {
			isa = XCBuildConfiguration;
			buildSettings = {
				CLANG_ANALYZER_NONNULL = YES;
				CLANG_WARN_DOCUMENTATION_COMMENTS = YES;
				CLANG_WARN_INFINITE_RECURSION = YES;
				CLANG_WARN_SUSPICIOUS_MOVES = YES;
				CODE_SIGN_IDENTITY = "iPhone Developer";
				"CODE_SIGN_IDENTITY[sdk=iphoneos*]" = "iPhone Developer";
				DEVELOPMENT_TEAM = 5Z5MKT3DP2;
				INFOPLIST_FILE = My3DTouchDemoExtension/Info.plist;
				IPHONEOS_DEPLOYMENT_TARGET = 10.0;
				LD_RUNPATH_SEARCH_PATHS = "$(inherited) @executable_path/Frameworks @executable_path/../../Frameworks";
				PRODUCT_BUNDLE_IDENTIFIER = com.lljz.ninesky.My3DTouchDemoExtension;
				PRODUCT_NAME = "$(TARGET_NAME)";
				SKIP_INSTALL = YES;
			};
			name = Release;
		};
		74B5194D1DC8480F00F8751C /* Debug */ = {
			isa = XCBuildConfiguration;
			buildSettings = {
				CLANG_ANALYZER_NONNULL = YES;
				CLANG_WARN_DOCUMENTATION_COMMENTS = YES;
				CLANG_WARN_INFINITE_RECURSION = YES;
				CLANG_WARN_SUSPICIOUS_MOVES = YES;
				CODE_SIGN_IDENTITY = "iPhone Developer";
				"CODE_SIGN_IDENTITY[sdk=iphoneos*]" = "iPhone Developer";
				DEVELOPMENT_TEAM = 5Z5MKT3DP2;
				INFOPLIST_FILE = My3DTouchDemoNotificationExtension/Info.plist;
				IPHONEOS_DEPLOYMENT_TARGET = 10.1;
				LD_RUNPATH_SEARCH_PATHS = "$(inherited) @executable_path/Frameworks @executable_path/../../Frameworks";
				PRODUCT_BUNDLE_IDENTIFIER = com.lljz.ninesky.My3DTouchDemoNotificationExtension;
				PRODUCT_NAME = "$(TARGET_NAME)";
				SKIP_INSTALL = YES;
			};
			name = Debug;
		};
		74B5194E1DC8480F00F8751C /* Release */ = {
			isa = XCBuildConfiguration;
			buildSettings = {
				CLANG_ANALYZER_NONNULL = YES;
				CLANG_WARN_DOCUMENTATION_COMMENTS = YES;
				CLANG_WARN_INFINITE_RECURSION = YES;
				CLANG_WARN_SUSPICIOUS_MOVES = YES;
				CODE_SIGN_IDENTITY = "iPhone Developer";
				"CODE_SIGN_IDENTITY[sdk=iphoneos*]" = "iPhone Developer";
				DEVELOPMENT_TEAM = 5Z5MKT3DP2;
				INFOPLIST_FILE = My3DTouchDemoNotificationExtension/Info.plist;
				IPHONEOS_DEPLOYMENT_TARGET = 10.1;
				LD_RUNPATH_SEARCH_PATHS = "$(inherited) @executable_path/Frameworks @executable_path/../../Frameworks";
				PRODUCT_BUNDLE_IDENTIFIER = com.lljz.ninesky.My3DTouchDemoNotificationExtension;
				PRODUCT_NAME = "$(TARGET_NAME)";
				SKIP_INSTALL = YES;
			};
			name = Release;
		};
		74B81CFF1DC98CC200158DF8 /* Debug */ = {
			isa = XCBuildConfiguration;
			buildSettings = {
				CLANG_ANALYZER_NONNULL = YES;
				CLANG_WARN_DOCUMENTATION_COMMENTS = YES;
				CLANG_WARN_INFINITE_RECURSION = YES;
				CLANG_WARN_SUSPICIOUS_MOVES = YES;
				CODE_SIGN_IDENTITY = "iPhone Developer";
				"CODE_SIGN_IDENTITY[sdk=iphoneos*]" = "iPhone Developer";
				DEVELOPMENT_TEAM = 5Z5MKT3DP2;
				INFOPLIST_FILE = My3DTouchNotificationServiceExtension/Info.plist;
				IPHONEOS_DEPLOYMENT_TARGET = 10.1;
				LD_RUNPATH_SEARCH_PATHS = "$(inherited) @executable_path/Frameworks @executable_path/../../Frameworks";
				PRODUCT_BUNDLE_IDENTIFIER = com.lljz.ninesky.My3DTouchNotificationServiceExtension;
				PRODUCT_NAME = "$(TARGET_NAME)";
				SKIP_INSTALL = YES;
			};
			name = Debug;
		};
		74B81D001DC98CC200158DF8 /* Release */ = {
			isa = XCBuildConfiguration;
			buildSettings = {
				CLANG_ANALYZER_NONNULL = YES;
				CLANG_WARN_DOCUMENTATION_COMMENTS = YES;
				CLANG_WARN_INFINITE_RECURSION = YES;
				CLANG_WARN_SUSPICIOUS_MOVES = YES;
				CODE_SIGN_IDENTITY = "iPhone Developer";
				"CODE_SIGN_IDENTITY[sdk=iphoneos*]" = "iPhone Developer";
				DEVELOPMENT_TEAM = 5Z5MKT3DP2;
				INFOPLIST_FILE = My3DTouchNotificationServiceExtension/Info.plist;
				IPHONEOS_DEPLOYMENT_TARGET = 10.1;
				LD_RUNPATH_SEARCH_PATHS = "$(inherited) @executable_path/Frameworks @executable_path/../../Frameworks";
				PRODUCT_BUNDLE_IDENTIFIER = com.lljz.ninesky.My3DTouchNotificationServiceExtension;
				PRODUCT_NAME = "$(TARGET_NAME)";
				SKIP_INSTALL = YES;
			};
			name = Release;
		};
		A1D7F6391BD8B31A00D29063 /* Debug */ = {
			isa = XCBuildConfiguration;
			buildSettings = {
				ALWAYS_SEARCH_USER_PATHS = NO;
				CLANG_CXX_LANGUAGE_STANDARD = "gnu++0x";
				CLANG_CXX_LIBRARY = "libc++";
				CLANG_ENABLE_MODULES = YES;
				CLANG_ENABLE_OBJC_ARC = YES;
				CLANG_WARN_BOOL_CONVERSION = YES;
				CLANG_WARN_CONSTANT_CONVERSION = YES;
				CLANG_WARN_DIRECT_OBJC_ISA_USAGE = YES_ERROR;
				CLANG_WARN_EMPTY_BODY = YES;
				CLANG_WARN_ENUM_CONVERSION = YES;
				CLANG_WARN_INT_CONVERSION = YES;
				CLANG_WARN_OBJC_ROOT_CLASS = YES_ERROR;
				CLANG_WARN_UNREACHABLE_CODE = YES;
				CLANG_WARN__DUPLICATE_METHOD_MATCH = YES;
				CODE_SIGN_IDENTITY = "iPhone Developer: Chu Chuang (7H5WC6L5VU)";
				"CODE_SIGN_IDENTITY[sdk=iphoneos*]" = "iPhone Developer: Chu Chuang (7H5WC6L5VU)";
				COPY_PHASE_STRIP = NO;
				DEBUG_INFORMATION_FORMAT = dwarf;
				ENABLE_STRICT_OBJC_MSGSEND = YES;
				ENABLE_TESTABILITY = YES;
				GCC_C_LANGUAGE_STANDARD = gnu99;
				GCC_DYNAMIC_NO_PIC = NO;
				GCC_NO_COMMON_BLOCKS = YES;
				GCC_OPTIMIZATION_LEVEL = 0;
				GCC_PREPROCESSOR_DEFINITIONS = (
					"DEBUG=1",
					"$(inherited)",
				);
				GCC_WARN_64_TO_32_BIT_CONVERSION = YES;
				GCC_WARN_ABOUT_RETURN_TYPE = YES_ERROR;
				GCC_WARN_UNDECLARED_SELECTOR = YES;
				GCC_WARN_UNINITIALIZED_AUTOS = YES_AGGRESSIVE;
				GCC_WARN_UNUSED_FUNCTION = YES;
				GCC_WARN_UNUSED_VARIABLE = YES;
				IPHONEOS_DEPLOYMENT_TARGET = 9.0;
				MTL_ENABLE_DEBUG_INFO = YES;
				ONLY_ACTIVE_ARCH = YES;
				PROVISIONING_PROFILE = "72487217-7a1e-4f8d-8f40-4e26ed70b94f";
				SDKROOT = iphoneos;
			};
			name = Debug;
		};
		A1D7F63A1BD8B31A00D29063 /* Release */ = {
			isa = XCBuildConfiguration;
			buildSettings = {
				ALWAYS_SEARCH_USER_PATHS = NO;
				CLANG_CXX_LANGUAGE_STANDARD = "gnu++0x";
				CLANG_CXX_LIBRARY = "libc++";
				CLANG_ENABLE_MODULES = YES;
				CLANG_ENABLE_OBJC_ARC = YES;
				CLANG_WARN_BOOL_CONVERSION = YES;
				CLANG_WARN_CONSTANT_CONVERSION = YES;
				CLANG_WARN_DIRECT_OBJC_ISA_USAGE = YES_ERROR;
				CLANG_WARN_EMPTY_BODY = YES;
				CLANG_WARN_ENUM_CONVERSION = YES;
				CLANG_WARN_INT_CONVERSION = YES;
				CLANG_WARN_OBJC_ROOT_CLASS = YES_ERROR;
				CLANG_WARN_UNREACHABLE_CODE = YES;
				CLANG_WARN__DUPLICATE_METHOD_MATCH = YES;
				"CODE_SIGN_IDENTITY[sdk=iphoneos*]" = "iPhone Developer";
				COPY_PHASE_STRIP = NO;
				DEBUG_INFORMATION_FORMAT = "dwarf-with-dsym";
				ENABLE_NS_ASSERTIONS = NO;
				ENABLE_STRICT_OBJC_MSGSEND = YES;
				GCC_C_LANGUAGE_STANDARD = gnu99;
				GCC_NO_COMMON_BLOCKS = YES;
				GCC_WARN_64_TO_32_BIT_CONVERSION = YES;
				GCC_WARN_ABOUT_RETURN_TYPE = YES_ERROR;
				GCC_WARN_UNDECLARED_SELECTOR = YES;
				GCC_WARN_UNINITIALIZED_AUTOS = YES_AGGRESSIVE;
				GCC_WARN_UNUSED_FUNCTION = YES;
				GCC_WARN_UNUSED_VARIABLE = YES;
				IPHONEOS_DEPLOYMENT_TARGET = 9.0;
				MTL_ENABLE_DEBUG_INFO = NO;
				SDKROOT = iphoneos;
				VALIDATE_PRODUCT = YES;
			};
			name = Release;
		};
		A1D7F63C1BD8B31A00D29063 /* Debug */ = {
			isa = XCBuildConfiguration;
			buildSettings = {
				ASSETCATALOG_COMPILER_APPICON_NAME = AppIcon;
				CODE_SIGN_ENTITLEMENTS = My3DTouchDemo.entitlements;
				CODE_SIGN_IDENTITY = "iPhone Developer";
				"CODE_SIGN_IDENTITY[sdk=iphoneos*]" = "iPhone Developer";
				DEVELOPMENT_TEAM = 5Z5MKT3DP2;
				INFOPLIST_FILE = ApplicationShortCutDemo/Info.plist;
				LD_RUNPATH_SEARCH_PATHS = "$(inherited) @executable_path/Frameworks";
				PRODUCT_BUNDLE_IDENTIFIER = com.lljz.ninesky;
				PRODUCT_NAME = My3DTouchDemo;
				PROVISIONING_PROFILE = "";
			};
			name = Debug;
		};
		A1D7F63D1BD8B31A00D29063 /* Release */ = {
			isa = XCBuildConfiguration;
			buildSettings = {
				ASSETCATALOG_COMPILER_APPICON_NAME = AppIcon;
				CODE_SIGN_ENTITLEMENTS = My3DTouchDemo.entitlements;
				CODE_SIGN_IDENTITY = "iPhone Developer";
				"CODE_SIGN_IDENTITY[sdk=iphoneos*]" = "iPhone Developer";
				DEVELOPMENT_TEAM = 5Z5MKT3DP2;
				INFOPLIST_FILE = ApplicationShortCutDemo/Info.plist;
				LD_RUNPATH_SEARCH_PATHS = "$(inherited) @executable_path/Frameworks";
				PRODUCT_BUNDLE_IDENTIFIER = com.lljz.ninesky;
				PRODUCT_NAME = My3DTouchDemo;
				PROVISIONING_PROFILE = "";
			};
			name = Release;
		};
/* End XCBuildConfiguration section */

/* Begin XCConfigurationList section */
		74ADC6381DB8BB1A00E0494E /* Build configuration list for PBXNativeTarget "My3DTouchTodayExtension" */ = {
			isa = XCConfigurationList;
			buildConfigurations = (
				74ADC6391DB8BB1A00E0494E /* Debug */,
				74ADC63A1DB8BB1A00E0494E /* Release */,
			);
			defaultConfigurationIsVisible = 0;
			defaultConfigurationName = Release;
		};
		74B5194C1DC8480F00F8751C /* Build configuration list for PBXNativeTarget "My3DTouchNotificationContentExtension" */ = {
			isa = XCConfigurationList;
			buildConfigurations = (
				74B5194D1DC8480F00F8751C /* Debug */,
				74B5194E1DC8480F00F8751C /* Release */,
			);
			defaultConfigurationIsVisible = 0;
			defaultConfigurationName = Release;
		};
		74B81D011DC98CC200158DF8 /* Build configuration list for PBXNativeTarget "My3DTouchNotificationServiceExtension" */ = {
			isa = XCConfigurationList;
			buildConfigurations = (
				74B81CFF1DC98CC200158DF8 /* Debug */,
				74B81D001DC98CC200158DF8 /* Release */,
			);
			defaultConfigurationIsVisible = 0;
		};
		A1D7F6091BD8B31A00D29063 /* Build configuration list for PBXProject "My3DTouchDemo" */ = {
			isa = XCConfigurationList;
			buildConfigurations = (
				A1D7F6391BD8B31A00D29063 /* Debug */,
				A1D7F63A1BD8B31A00D29063 /* Release */,
			);
			defaultConfigurationIsVisible = 0;
			defaultConfigurationName = Release;
		};
		A1D7F63B1BD8B31A00D29063 /* Build configuration list for PBXNativeTarget "My3DTouchDemo" */ = {
			isa = XCConfigurationList;
			buildConfigurations = (
				A1D7F63C1BD8B31A00D29063 /* Debug */,
				A1D7F63D1BD8B31A00D29063 /* Release */,
			);
			defaultConfigurationIsVisible = 0;
			defaultConfigurationName = Release;
		};
/* End XCConfigurationList section */
	};
	rootObject = A1D7F6061BD8B31A00D29063 /* Project object */;
}
